
Microsoft Visual Studio Solution File, Format Version 12.00
# Visual Studio 15
VisualStudioVersion = 15.0.27428.2015
MinimumVisualStudioVersion = 10.0.40219.1
Project("{8BC9CEB8-8B4A-11D0-8D11-00A0C91BC942}") = "HW4_190418", "HW4_190418\HW4_190418.vcxproj", "{7EE99CA3-9821-482C-A79E-509ADDADA33C}"
EndProject
Global
	GlobalSection(SolutionConfigurationPlatforms) = preSolution
		Debug|x64 = Debug|x64
		Debug|x86 = Debug|x86
		Release|x64 = Release|x64
		Release|x86 = Release|x86
	EndGlobalSection
	GlobalSection(ProjectConfigurationPlatforms) = postSolution
		{7EE99CA3-9821-482C-A79E-509ADDADA33C}.Debug|x64.ActiveCfg = Debug|x64
		{7EE99CA3-9821-482C-A79E-509ADDADA33C}.Debug|x64.Build.0 = Debug|x64
		{7EE99CA3-9821-482C-A79E-509ADDADA33C}.Debug|x86.ActiveCfg = Debug|Win32
		{7EE99CA3-9821-482C-A79E-509ADDADA33C}.Debug|x86.Build.0 = Debug|Win32
		{7EE99CA3-9821-482C-A79E-509ADDADA33C}.Release|x64.ActiveCfg = Release|x64
		{7EE99CA3-9821-482C-A79E-509ADDADA33C}.Release|x64.Build.0 = Release|x64
		{7EE99CA3-9821-482C-A79E-509ADDADA33C}.Release|x86.ActiveCfg = Release|Win32
		{7EE99CA3-9821-482C-A79E-509ADDADA33C}.Release|x86.Build.0 = Release|Win32
	EndGlobalSection
	GlobalSection(SolutionProperties) = preSolution
		HideSolutionNode = FALSE
	EndGlobalSection
	GlobalSection(ExtensibilityGlobals) = postSolution
		SolutionGuid = {11254214-A754-4AC0-AC79-572928A5B119}
	EndGlobalSection
EndGlobal
